
Microsoft Visual Studio Solution File, Format Version 12.00
# Visual Studio Version 17
VisualStudioVersion = 17.3.32811.315
MinimumVisualStudioVersion = 10.0.40219.1
Project("{FAE04EC0-301F-11D3-BF4B-00C04F79EFBC}") = "BankAccountPrj", "Unit_Test\BankAccountPrj.csproj", "{C2C7E746-B898-4B9A-BAE0-D87BCE05FB8C}"
EndProject
Project("{FAE04EC0-301F-11D3-BF4B-00C04F79EFBC}") = "TestBankAccount", "TestBankAccount\TestBankAccount.csproj", "{4A99383E-53FC-4C65-AF0A-2BBCAA468A77}"
EndProject
Project("{FAE04EC0-301F-11D3-BF4B-00C04F79EFBC}") = "TestBankAccountNUnit", "TestBankAccountNUnit\TestBankAccountNUnit.csproj", "{663A934B-382F-4858-BB5E-C512719B840C}"
EndProject
Global
	GlobalSection(SolutionConfigurationPlatforms) = preSolution
		Debug|Any CPU = Debug|Any CPU
		Release|Any CPU = Release|Any CPU
	EndGlobalSection
	GlobalSection(ProjectConfigurationPlatforms) = postSolution
		{C2C7E746-B898-4B9A-BAE0-D87BCE05FB8C}.Debug|Any CPU.ActiveCfg = Debug|Any CPU
		{C2C7E746-B898-4B9A-BAE0-D87BCE05FB8C}.Debug|Any CPU.Build.0 = Debug|Any CPU
		{C2C7E746-B898-4B9A-BAE0-D87BCE05FB8C}.Release|Any CPU.ActiveCfg = Release|Any CPU
		{C2C7E746-B898-4B9A-BAE0-D87BCE05FB8C}.Release|Any CPU.Build.0 = Release|Any CPU
		{4A99383E-53FC-4C65-AF0A-2BBCAA468A77}.Debug|Any CPU.ActiveCfg = Debug|Any CPU
		{4A99383E-53FC-4C65-AF0A-2BBCAA468A77}.Debug|Any CPU.Build.0 = Debug|Any CPU
		{4A99383E-53FC-4C65-AF0A-2BBCAA468A77}.Release|Any CPU.ActiveCfg = Release|Any CPU
		{4A99383E-53FC-4C65-AF0A-2BBCAA468A77}.Release|Any CPU.Build.0 = Release|Any CPU
		{663A934B-382F-4858-BB5E-C512719B840C}.Debug|Any CPU.ActiveCfg = Debug|Any CPU
		{663A934B-382F-4858-BB5E-C512719B840C}.Debug|Any CPU.Build.0 = Debug|Any CPU
		{663A934B-382F-4858-BB5E-C512719B840C}.Release|Any CPU.ActiveCfg = Release|Any CPU
		{663A934B-382F-4858-BB5E-C512719B840C}.Release|Any CPU.Build.0 = Release|Any CPU
	EndGlobalSection
	GlobalSection(SolutionProperties) = preSolution
		HideSolutionNode = FALSE
	EndGlobalSection
	GlobalSection(ExtensibilityGlobals) = postSolution
		SolutionGuid = {82BA6357-0242-4334-88F0-3AB81ADDC875}
	EndGlobalSection
EndGlobal
